
Microsoft Visual Studio Solution File, Format Version 12.00
# Visual Studio Version 16
VisualStudioVersion = 16.0.32428.217
MinimumVisualStudioVersion = 10.0.40219.1
Project("{8BC9CEB8-8B4A-11D0-8D11-00A0C91BC942}") = "程序题13", "程序题13.vcxproj", "{A46D6779-FE4F-4967-8560-20D15A433716}"
EndProject
Global
	GlobalSection(SolutionConfigurationPlatforms) = preSolution
		Debug|x64 = Debug|x64
		Debug|x86 = Debug|x86
		Release|x64 = Release|x64
		Release|x86 = Release|x86
	EndGlobalSection
	GlobalSection(ProjectConfigurationPlatforms) = postSolution
		{A46D6779-FE4F-4967-8560-20D15A433716}.Debug|x64.ActiveCfg = Debug|x64
		{A46D6779-FE4F-4967-8560-20D15A433716}.Debug|x64.Build.0 = Debug|x64
		{A46D6779-FE4F-4967-8560-20D15A433716}.Debug|x86.ActiveCfg = Debug|Win32
		{A46D6779-FE4F-4967-8560-20D15A433716}.Debug|x86.Build.0 = Debug|Win32
		{A46D6779-FE4F-4967-8560-20D15A433716}.Release|x64.ActiveCfg = Release|x64
		{A46D6779-FE4F-4967-8560-20D15A433716}.Release|x64.Build.0 = Release|x64
		{A46D6779-FE4F-4967-8560-20D15A433716}.Release|x86.ActiveCfg = Release|Win32
		{A46D6779-FE4F-4967-8560-20D15A433716}.Release|x86.Build.0 = Release|Win32
	EndGlobalSection
	GlobalSection(SolutionProperties) = preSolution
		HideSolutionNode = FALSE
	EndGlobalSection
	GlobalSection(ExtensibilityGlobals) = postSolution
		SolutionGuid = {751F6821-60BC-4C79-82B9-B6AE954B2846}
	EndGlobalSection
EndGlobal
