
Microsoft Visual Studio Solution File, Format Version 12.00
# Visual Studio Version 16
VisualStudioVersion = 16.0.32428.217
MinimumVisualStudioVersion = 10.0.40219.1
Project("{8BC9CEB8-8B4A-11D0-8D11-00A0C91BC942}") = "程序题10", "程序题10.vcxproj", "{AB917C5A-2299-402F-820D-EA8D2915E11C}"
EndProject
Global
	GlobalSection(SolutionConfigurationPlatforms) = preSolution
		Debug|x64 = Debug|x64
		Debug|x86 = Debug|x86
		Release|x64 = Release|x64
		Release|x86 = Release|x86
	EndGlobalSection
	GlobalSection(ProjectConfigurationPlatforms) = postSolution
		{AB917C5A-2299-402F-820D-EA8D2915E11C}.Debug|x64.ActiveCfg = Debug|x64
		{AB917C5A-2299-402F-820D-EA8D2915E11C}.Debug|x64.Build.0 = Debug|x64
		{AB917C5A-2299-402F-820D-EA8D2915E11C}.Debug|x86.ActiveCfg = Debug|Win32
		{AB917C5A-2299-402F-820D-EA8D2915E11C}.Debug|x86.Build.0 = Debug|Win32
		{AB917C5A-2299-402F-820D-EA8D2915E11C}.Release|x64.ActiveCfg = Release|x64
		{AB917C5A-2299-402F-820D-EA8D2915E11C}.Release|x64.Build.0 = Release|x64
		{AB917C5A-2299-402F-820D-EA8D2915E11C}.Release|x86.ActiveCfg = Release|Win32
		{AB917C5A-2299-402F-820D-EA8D2915E11C}.Release|x86.Build.0 = Release|Win32
	EndGlobalSection
	GlobalSection(SolutionProperties) = preSolution
		HideSolutionNode = FALSE
	EndGlobalSection
	GlobalSection(ExtensibilityGlobals) = postSolution
		SolutionGuid = {0D190F1A-21F2-4D31-BC5E-57675F207694}
	EndGlobalSection
EndGlobal
